# This file was autogenerated by Stack.
# You should not edit this file by hand.
# For more information, please see the documentation at:
#   https://docs.haskellstack.org/en/stable/lock_files

packages:
- completed:
    hackage: exceptions-0.10.5@sha256:b2c634a95ba2a68e0df3ae67d006f0dabb02edbe4dc77b321133551e308ca047,2832
    pantry-tree:
      size: 738
      sha256: 55b1a4123104e57b5e72b1c5354408807beded8a52ff1900521fed7007812715
  original:
    hackage: exceptions-0.10.5@sha256:b2c634a95ba2a68e0df3ae67d006f0dabb02edbe4dc77b321133551e308ca047,2832
- completed:
    hackage: mtl-2.3@sha256:9850384335d39f4307bdd8010c61b61cc2adb88adcb6820f8372f4d2f4905a3d,1830
    pantry-tree:
      size: 1852
      sha256: 0f60bd67fb750f8ce7471fbf8b88b62b75079270c3dc56b7ed59920e57fa124a
  original:
    hackage: mtl-2.3@sha256:9850384335d39f4307bdd8010c61b61cc2adb88adcb6820f8372f4d2f4905a3d,1830
- completed:
    hackage: parsec-3.1.15.1@sha256:8c7a36aaadff12a38817fc3c4ff6c87e3352cffd1a58df640de7ed7a97ad8fa3,4601
    pantry-tree:
      size: 2630
      sha256: 147ad21b8aa90273721903a6b294cc4ecd660d229d88c4e84c6275bc5d630ae6
  original:
    hackage: parsec-3.1.15.1@sha256:8c7a36aaadff12a38817fc3c4ff6c87e3352cffd1a58df640de7ed7a97ad8fa3,4601
snapshots:
- completed:
    size: 628888
    url: https://raw.githubusercontent.com/commercialhaskell/stackage-snapshots/master/nightly/2022/8/4.yaml
    sha256: 656fa7a1ff5ddd147cce5a0aabd6fd70255f2ac60fd1294a1228b00a19b1731f
  original: nightly-2022-08-04
