# This file was autogenerated by Stack.
# You should not edit this file by hand.
# For more information, please see the documentation at:
#   https://docs.haskellstack.org/en/stable/lock_files

packages: []
snapshots:
- completed:
    size: 636956
    url: https://raw.githubusercontent.com/commercialhaskell/stackage-snapshots/master/nightly/2022/9/19.yaml
    sha256: b40962d62404e8389ddc2f4228170871b1a6d62b66e7d532a6c798426f047603
  original: nightly-2022-09-19
